
Microsoft Visual Studio Solution File, Format Version 12.00
# Visual Studio Version 16
VisualStudioVersion = 16.0.29806.167
MinimumVisualStudioVersion = 10.0.40219.1
Project("{8BC9CEB8-8B4A-11D0-8D11-00A0C91BC942}") = "Graph_Floyd_TSP", "Graph_Floyd_TSP.vcxproj", "{928CAF64-C2C6-4978-9435-17145CDD0A47}"
EndProject
Global
	GlobalSection(SolutionConfigurationPlatforms) = preSolution
		Debug|x64 = Debug|x64
		Debug|x86 = Debug|x86
		Release|x64 = Release|x64
		Release|x86 = Release|x86
	EndGlobalSection
	GlobalSection(ProjectConfigurationPlatforms) = postSolution
		{928CAF64-C2C6-4978-9435-17145CDD0A47}.Debug|x64.ActiveCfg = Debug|x64
		{928CAF64-C2C6-4978-9435-17145CDD0A47}.Debug|x64.Build.0 = Debug|x64
		{928CAF64-C2C6-4978-9435-17145CDD0A47}.Debug|x86.ActiveCfg = Debug|Win32
		{928CAF64-C2C6-4978-9435-17145CDD0A47}.Debug|x86.Build.0 = Debug|Win32
		{928CAF64-C2C6-4978-9435-17145CDD0A47}.Release|x64.ActiveCfg = Release|x64
		{928CAF64-C2C6-4978-9435-17145CDD0A47}.Release|x64.Build.0 = Release|x64
		{928CAF64-C2C6-4978-9435-17145CDD0A47}.Release|x86.ActiveCfg = Release|Win32
		{928CAF64-C2C6-4978-9435-17145CDD0A47}.Release|x86.Build.0 = Release|Win32
	EndGlobalSection
	GlobalSection(SolutionProperties) = preSolution
		HideSolutionNode = FALSE
	EndGlobalSection
	GlobalSection(ExtensibilityGlobals) = postSolution
		SolutionGuid = {C367EE6E-C0DA-4FA4-9C7A-46E0E9DD9F86}
	EndGlobalSection
EndGlobal
